PODS:
  - Alamofire (4.9.1)
  - Moya/Core (13.0.1):
    - Alamofire (~> 4.1)
    - Result (~> 4.1)
  - Moya/RxSwift (13.0.1):
    - Moya/Core
    - RxSwift (~> 4.0)
  - Result (4.1.0)
  - RxSwift (4.5.0)
  - SwiftLint (0.39.2)

DEPENDENCIES:
  - Moya/RxSwift (~> 13.0.0)
  - SwiftLint

SPEC REPOS:
  trunk:
    - Alamofire
    - Moya
    - Result
    - RxSwift
    - SwiftLint

SPEC CHECKSUMS:
  Alamofire: 85e8a02c69d6020a0d734f6054870d7ecb75cf18
  Moya: f4a4b80ff2f8a4ffc208dfb31cd91636622fee6e
  Result: bd966fac789cc6c1563440b348ab2598cc24d5c7
  RxSwift: f172070dfd1a93d70a9ab97a5a01166206e1c575
  SwiftLint: 22ccbbe3b8008684be5955693bab135e0ed6a447

PODFILE CHECKSUM: 784724385ecdf9a9e1b76d7768f232efcff9df7e

COCOAPODS: 1.8.4
