// !$*UTF8*$!
{
	archiveVersion = 1;
	classes = {
	};
	objectVersion = 50;
	objects = {

/* Begin PBXBuildFile section */
		EE386D7324CD6EF500FA59B7 /* KeywordLable.swift in Sources */ = {isa = PBXBuildFile; fileRef = EE386D7224CD6EF500FA59B7 /* KeywordLable.swift */; };
		EE7A110C24CC683600D47B14 /* AppDelegate.swift in Sources */ = {isa = PBXBuildFile; fileRef = EE7A110B24CC683600D47B14 /* AppDelegate.swift */; };
		EE7A110E24CC683600D47B14 /* SceneDelegate.swift in Sources */ = {isa = PBXBuildFile; fileRef = EE7A110D24CC683600D47B14 /* SceneDelegate.swift */; };
		EE7A111024CC683600D47B14 /* ContentView.swift in Sources */ = {isa = PBXBuildFile; fileRef = EE7A110F24CC683600D47B14 /* ContentView.swift */; };
		EE7A111224CC683B00D47B14 /* Assets.xcassets in Resources */ = {isa = PBXBuildFile; fileRef = EE7A111124CC683B00D47B14 /* Assets.xcassets */; };
		EE7A111524CC683B00D47B14 /* Preview Assets.xcassets in Resources */ = {isa = PBXBuildFile; fileRef = EE7A111424CC683B00D47B14 /* Preview Assets.xcassets */; };
		EE7A111824CC683B00D47B14 /* LaunchScreen.storyboard in Resources */ = {isa = PBXBuildFile; fileRef = EE7A111624CC683B00D47B14 /* LaunchScreen.storyboard */; };
		EE7A112124CD1DB100D47B14 /* GameRow.swift in Sources */ = {isa = PBXBuildFile; fileRef = EE7A112024CD1DB100D47B14 /* GameRow.swift */; };
		EE7A112624CD4CDE00D47B14 /* ColorExt.swift in Sources */ = {isa = PBXBuildFile; fileRef = EE7A112524CD4CDE00D47B14 /* ColorExt.swift */; };
		EE7A112824CD4E4A00D47B14 /* GameCard.swift in Sources */ = {isa = PBXBuildFile; fileRef = EE7A112724CD4E4A00D47B14 /* GameCard.swift */; };
/* End PBXBuildFile section */

/* Begin PBXFileReference section */
		EE386D7224CD6EF500FA59B7 /* KeywordLable.swift */ = {isa = PBXFileReference; lastKnownFileType = sourcecode.swift; path = KeywordLable.swift; sourceTree = "<group>"; };
		EE7A110824CC683600D47B14 /* Game Catalogue.app */ = {isa = PBXFileReference; explicitFileType = wrapper.application; includeInIndex = 0; path = "Game Catalogue.app"; sourceTree = BUILT_PRODUCTS_DIR; };
		EE7A110B24CC683600D47B14 /* AppDelegate.swift */ = {isa = PBXFileReference; lastKnownFileType = sourcecode.swift; path = AppDelegate.swift; sourceTree = "<group>"; };
		EE7A110D24CC683600D47B14 /* SceneDelegate.swift */ = {isa = PBXFileReference; lastKnownFileType = sourcecode.swift; path = SceneDelegate.swift; sourceTree = "<group>"; };
		EE7A110F24CC683600D47B14 /* ContentView.swift */ = {isa = PBXFileReference; lastKnownFileType = sourcecode.swift; path = ContentView.swift; sourceTree = "<group>"; };
		EE7A111124CC683B00D47B14 /* Assets.xcassets */ = {isa = PBXFileReference; lastKnownFileType = folder.assetcatalog; path = Assets.xcassets; sourceTree = "<group>"; };
		EE7A111424CC683B00D47B14 /* Preview Assets.xcassets */ = {isa = PBXFileReference; lastKnownFileType = folder.assetcatalog; path = "Preview Assets.xcassets"; sourceTree = "<group>"; };
		EE7A111724CC683B00D47B14 /* Base */ = {isa = PBXFileReference; lastKnownFileType = file.storyboard; name = Base; path = Base.lproj/LaunchScreen.storyboard; sourceTree = "<group>"; };
		EE7A111924CC683B00D47B14 /* Info.plist */ = {isa = PBXFileReference; lastKnownFileType = text.plist.xml; path = Info.plist; sourceTree = "<group>"; };
		EE7A112024CD1DB100D47B14 /* GameRow.swift */ = {isa = PBXFileReference; lastKnownFileType = sourcecode.swift; path = GameRow.swift; sourceTree = "<group>"; };
		EE7A112524CD4CDE00D47B14 /* ColorExt.swift */ = {isa = PBXFileReference; lastKnownFileType = sourcecode.swift; path = ColorExt.swift; sourceTree = "<group>"; };
		EE7A112724CD4E4A00D47B14 /* GameCard.swift */ = {isa = PBXFileReference; lastKnownFileType = sourcecode.swift; path = GameCard.swift; sourceTree = "<group>"; };
/* End PBXFileReference section */

/* Begin PBXFrameworksBuildPhase section */
		EE7A110524CC683600D47B14 /* Frameworks */ = {
			isa = PBXFrameworksBuildPhase;
			buildActionMask = 2147483647;
			files = (
			);
			runOnlyForDeploymentPostprocessing = 0;
		};
/* End PBXFrameworksBuildPhase section */

/* Begin PBXGroup section */
		EE386D6E24CD6EB800FA59B7 /* Feature */ = {
			isa = PBXGroup;
			children = (
				EE386D6F24CD6EC000FA59B7 /* Home */,
			);
			path = Feature;
			sourceTree = "<group>";
		};
		EE386D6F24CD6EC000FA59B7 /* Home */ = {
			isa = PBXGroup;
			children = (
				EE386D7124CD6ED200FA59B7 /* View */,
			);
			path = Home;
			sourceTree = "<group>";
		};
		EE386D7124CD6ED200FA59B7 /* View */ = {
			isa = PBXGroup;
			children = (
				EE7A110F24CC683600D47B14 /* ContentView.swift */,
				EE7A112024CD1DB100D47B14 /* GameRow.swift */,
				EE7A112724CD4E4A00D47B14 /* GameCard.swift */,
				EE386D7224CD6EF500FA59B7 /* KeywordLable.swift */,
			);
			path = View;
			sourceTree = "<group>";
		};
		EE7A10FF24CC683600D47B14 = {
			isa = PBXGroup;
			children = (
				EE7A110A24CC683600D47B14 /* Game Catalogue */,
				EE7A110924CC683600D47B14 /* Products */,
			);
			sourceTree = "<group>";
		};
		EE7A110924CC683600D47B14 /* Products */ = {
			isa = PBXGroup;
			children = (
				EE7A110824CC683600D47B14 /* Game Catalogue.app */,
			);
			name = Products;
			sourceTree = "<group>";
		};
		EE7A110A24CC683600D47B14 /* Game Catalogue */ = {
			isa = PBXGroup;
			children = (
				EE386D6E24CD6EB800FA59B7 /* Feature */,
				EE7A112224CD2E5B00D47B14 /* Extension */,
				EE7A110B24CC683600D47B14 /* AppDelegate.swift */,
				EE7A110D24CC683600D47B14 /* SceneDelegate.swift */,
				EE7A111124CC683B00D47B14 /* Assets.xcassets */,
				EE7A111624CC683B00D47B14 /* LaunchScreen.storyboard */,
				EE7A111924CC683B00D47B14 /* Info.plist */,
				EE7A111324CC683B00D47B14 /* Preview Content */,
			);
			path = "Game Catalogue";
			sourceTree = "<group>";
		};
		EE7A111324CC683B00D47B14 /* Preview Content */ = {
			isa = PBXGroup;
			children = (
				EE7A111424CC683B00D47B14 /* Preview Assets.xcassets */,
			);
			path = "Preview Content";
			sourceTree = "<group>";
		};
		EE7A112224CD2E5B00D47B14 /* Extension */ = {
			isa = PBXGroup;
			children = (
				EE7A112524CD4CDE00D47B14 /* ColorExt.swift */,
			);
			path = Extension;
			sourceTree = "<group>";
		};
/* End PBXGroup section */

/* Begin PBXNativeTarget section */
		EE7A110724CC683600D47B14 /* Game Catalogue */ = {
			isa = PBXNativeTarget;
			buildConfigurationList = EE7A111C24CC683B00D47B14 /* Build configuration list for PBXNativeTarget "Game Catalogue" */;
			buildPhases = (
				EE7A110424CC683600D47B14 /* Sources */,
				EE7A110524CC683600D47B14 /* Frameworks */,
				EE7A110624CC683600D47B14 /* Resources */,
			);
			buildRules = (
			);
			dependencies = (
			);
			name = "Game Catalogue";
			productName = "Game Catalogue";
			productReference = EE7A110824CC683600D47B14 /* Game Catalogue.app */;
			productType = "com.apple.product-type.application";
		};
/* End PBXNativeTarget section */

/* Begin PBXProject section */
		EE7A110024CC683600D47B14 /* Project object */ = {
			isa = PBXProject;
			attributes = {
				LastSwiftUpdateCheck = 1150;
				LastUpgradeCheck = 1150;
				ORGANIZATIONNAME = "ilga yulian putra";
				TargetAttributes = {
					EE7A110724CC683600D47B14 = {
						CreatedOnToolsVersion = 11.5;
					};
				};
			};
			buildConfigurationList = EE7A110324CC683600D47B14 /* Build configuration list for PBXProject "Game Catalogue" */;
			compatibilityVersion = "Xcode 9.3";
			developmentRegion = en;
			hasScannedForEncodings = 0;
			knownRegions = (
				en,
				Base,
			);
			mainGroup = EE7A10FF24CC683600D47B14;
			productRefGroup = EE7A110924CC683600D47B14 /* Products */;
			projectDirPath = "";
			projectRoot = "";
			targets = (
				EE7A110724CC683600D47B14 /* Game Catalogue */,
			);
		};
/* End PBXProject section */

/* Begin PBXResourcesBuildPhase section */
		EE7A110624CC683600D47B14 /* Resources */ = {
			isa = PBXResourcesBuildPhase;
			buildActionMask = 2147483647;
			files = (
				EE7A111824CC683B00D47B14 /* LaunchScreen.storyboard in Resources */,
				EE7A111524CC683B00D47B14 /* Preview Assets.xcassets in Resources */,
				EE7A111224CC683B00D47B14 /* Assets.xcassets in Resources */,
			);
			runOnlyForDeploymentPostprocessing = 0;
		};
/* End PBXResourcesBuildPhase section */

/* Begin PBXSourcesBuildPhase section */
		EE7A110424CC683600D47B14 /* Sources */ = {
			isa = PBXSourcesBuildPhase;
			buildActionMask = 2147483647;
			files = (
				EE7A110C24CC683600D47B14 /* AppDelegate.swift in Sources */,
				EE7A112824CD4E4A00D47B14 /* GameCard.swift in Sources */,
				EE7A112624CD4CDE00D47B14 /* ColorExt.swift in Sources */,
				EE386D7324CD6EF500FA59B7 /* KeywordLable.swift in Sources */,
				EE7A110E24CC683600D47B14 /* SceneDelegate.swift in Sources */,
				EE7A112124CD1DB100D47B14 /* GameRow.swift in Sources */,
				EE7A111024CC683600D47B14 /* ContentView.swift in Sources */,
			);
			runOnlyForDeploymentPostprocessing = 0;
		};
/* End PBXSourcesBuildPhase section */

/* Begin PBXVariantGroup section */
		EE7A111624CC683B00D47B14 /* LaunchScreen.storyboard */ = {
			isa = PBXVariantGroup;
			children = (
				EE7A111724CC683B00D47B14 /* Base */,
			);
			name = LaunchScreen.storyboard;
			sourceTree = "<group>";
		};
/* End PBXVariantGroup section */

/* Begin XCBuildConfiguration section */
		EE7A111A24CC683B00D47B14 /* Debug */ = {
			isa = XCBuildConfiguration;
			buildSettings = {
				ALWAYS_SEARCH_USER_PATHS = NO;
				CLANG_ANALYZER_NONNULL = YES;
				CLANG_ANALYZER_NUMBER_OBJECT_CONVERSION = YES_AGGRESSIVE;
				CLANG_CXX_LANGUAGE_STANDARD = "gnu++14";
				CLANG_CXX_LIBRARY = "libc++";
				CLANG_ENABLE_MODULES = YES;
				CLANG_ENABLE_OBJC_ARC = YES;
				CLANG_ENABLE_OBJC_WEAK = YES;
				CLANG_WARN_BLOCK_CAPTURE_AUTORELEASING = YES;
				CLANG_WARN_BOOL_CONVERSION = YES;
				CLANG_WARN_COMMA = YES;
				CLANG_WARN_CONSTANT_CONVERSION = YES;
				CLANG_WARN_DEPRECATED_OBJC_IMPLEMENTATIONS = YES;
				CLANG_WARN_DIRECT_OBJC_ISA_USAGE = YES_ERROR;
				CLANG_WARN_DOCUMENTATION_COMMENTS = YES;
				CLANG_WARN_EMPTY_BODY = YES;
				CLANG_WARN_ENUM_CONVERSION = YES;
				CLANG_WARN_INFINITE_RECURSION = YES;
				CLANG_WARN_INT_CONVERSION = YES;
				CLANG_WARN_NON_LITERAL_NULL_CONVERSION = YES;
				CLANG_WARN_OBJC_IMPLICIT_RETAIN_SELF = YES;
				CLANG_WARN_OBJC_LITERAL_CONVERSION = YES;
				CLANG_WARN_OBJC_ROOT_CLASS = YES_ERROR;
				CLANG_WARN_RANGE_LOOP_ANALYSIS = YES;
				CLANG_WARN_STRICT_PROTOTYPES = YES;
				CLANG_WARN_SUSPICIOUS_MOVE = YES;
				CLANG_WARN_UNGUARDED_AVAILABILITY = YES_AGGRESSIVE;
				CLANG_WARN_UNREACHABLE_CODE = YES;
				CLANG_WARN__DUPLICATE_METHOD_MATCH = YES;
				COPY_PHASE_STRIP = NO;
				DEBUG_INFORMATION_FORMAT = dwarf;
				ENABLE_STRICT_OBJC_MSGSEND = YES;
				ENABLE_TESTABILITY = YES;
				GCC_C_LANGUAGE_STANDARD = gnu11;
				GCC_DYNAMIC_NO_PIC = NO;
				GCC_NO_COMMON_BLOCKS = YES;
				GCC_OPTIMIZATION_LEVEL = 0;
				GCC_PREPROCESSOR_DEFINITIONS = (
					"DEBUG=1",
					"$(inherited)",
				);
				GCC_WARN_64_TO_32_BIT_CONVERSION = YES;
				GCC_WARN_ABOUT_RETURN_TYPE = YES_ERROR;
				GCC_WARN_UNDECLARED_SELECTOR = YES;
				GCC_WARN_UNINITIALIZED_AUTOS = YES_AGGRESSIVE;
				GCC_WARN_UNUSED_FUNCTION = YES;
				GCC_WARN_UNUSED_VARIABLE = YES;
				IPHONEOS_DEPLOYMENT_TARGET = 13.5;
				MTL_ENABLE_DEBUG_INFO = INCLUDE_SOURCE;
				MTL_FAST_MATH = YES;
				ONLY_ACTIVE_ARCH = YES;
				SDKROOT = iphoneos;
				SWIFT_ACTIVE_COMPILATION_CONDITIONS = DEBUG;
				SWIFT_OPTIMIZATION_LEVEL = "-Onone";
			};
			name = Debug;
		};
		EE7A111B24CC683B00D47B14 /* Release */ = {
			isa = XCBuildConfiguration;
			buildSettings = {
				ALWAYS_SEARCH_USER_PATHS = NO;
				CLANG_ANALYZER_NONNULL = YES;
				CLANG_ANALYZER_NUMBER_OBJECT_CONVERSION = YES_AGGRESSIVE;
				CLANG_CXX_LANGUAGE_STANDARD = "gnu++14";
				CLANG_CXX_LIBRARY = "libc++";
				CLANG_ENABLE_MODULES = YES;
				CLANG_ENABLE_OBJC_ARC = YES;
				CLANG_ENABLE_OBJC_WEAK = YES;
				CLANG_WARN_BLOCK_CAPTURE_AUTORELEASING = YES;
				CLANG_WARN_BOOL_CONVERSION = YES;
				CLANG_WARN_COMMA = YES;
				CLANG_WARN_CONSTANT_CONVERSION = YES;
				CLANG_WARN_DEPRECATED_OBJC_IMPLEMENTATIONS = YES;
				CLANG_WARN_DIRECT_OBJC_ISA_USAGE = YES_ERROR;
				CLANG_WARN_DOCUMENTATION_COMMENTS = YES;
				CLANG_WARN_EMPTY_BODY = YES;
				CLANG_WARN_ENUM_CONVERSION = YES;
				CLANG_WARN_INFINITE_RECURSION = YES;
				CLANG_WARN_INT_CONVERSION = YES;
				CLANG_WARN_NON_LITERAL_NULL_CONVERSION = YES;
				CLANG_WARN_OBJC_IMPLICIT_RETAIN_SELF = YES;
				CLANG_WARN_OBJC_LITERAL_CONVERSION = YES;
				CLANG_WARN_OBJC_ROOT_CLASS = YES_ERROR;
				CLANG_WARN_RANGE_LOOP_ANALYSIS = YES;
				CLANG_WARN_STRICT_PROTOTYPES = YES;
				CLANG_WARN_SUSPICIOUS_MOVE = YES;
				CLANG_WARN_UNGUARDED_AVAILABILITY = YES_AGGRESSIVE;
				CLANG_WARN_UNREACHABLE_CODE = YES;
				CLANG_WARN__DUPLICATE_METHOD_MATCH = YES;
				COPY_PHASE_STRIP = NO;
				DEBUG_INFORMATION_FORMAT = "dwarf-with-dsym";
				ENABLE_NS_ASSERTIONS = NO;
				ENABLE_STRICT_OBJC_MSGSEND = YES;
				GCC_C_LANGUAGE_STANDARD = gnu11;
				GCC_NO_COMMON_BLOCKS = YES;
				GCC_WARN_64_TO_32_BIT_CONVERSION = YES;
				GCC_WARN_ABOUT_RETURN_TYPE = YES_ERROR;
				GCC_WARN_UNDECLARED_SELECTOR = YES;
				GCC_WARN_UNINITIALIZED_AUTOS = YES_AGGRESSIVE;
				GCC_WARN_UNUSED_FUNCTION = YES;
				GCC_WARN_UNUSED_VARIABLE = YES;
				IPHONEOS_DEPLOYMENT_TARGET = 13.5;
				MTL_ENABLE_DEBUG_INFO = NO;
				MTL_FAST_MATH = YES;
				SDKROOT = iphoneos;
				SWIFT_COMPILATION_MODE = wholemodule;
				SWIFT_OPTIMIZATION_LEVEL = "-O";
				VALIDATE_PRODUCT = YES;
			};
			name = Release;
		};
		EE7A111D24CC683B00D47B14 /* Debug */ = {
			isa = XCBuildConfiguration;
			buildSettings = {
				ASSETCATALOG_COMPILER_APPICON_NAME = AppIcon;
				CODE_SIGN_STYLE = Automatic;
				DEVELOPMENT_ASSET_PATHS = "\"Game Catalogue/Preview Content\"";
				DEVELOPMENT_TEAM = MGHM7TJXC4;
				ENABLE_PREVIEWS = YES;
				INFOPLIST_FILE = "Game Catalogue/Info.plist";
				LD_RUNPATH_SEARCH_PATHS = (
					"$(inherited)",
					"@executable_path/Frameworks",
				);
				PRODUCT_BUNDLE_IDENTIFIER = com.gyosanila.GameCatalogue;
				PRODUCT_NAME = "$(TARGET_NAME)";
				SWIFT_VERSION = 5.0;
				TARGETED_DEVICE_FAMILY = "1,2";
			};
			name = Debug;
		};
		EE7A111E24CC683B00D47B14 /* Release */ = {
			isa = XCBuildConfiguration;
			buildSettings = {
				ASSETCATALOG_COMPILER_APPICON_NAME = AppIcon;
				CODE_SIGN_STYLE = Automatic;
				DEVELOPMENT_ASSET_PATHS = "\"Game Catalogue/Preview Content\"";
				DEVELOPMENT_TEAM = MGHM7TJXC4;
				ENABLE_PREVIEWS = YES;
				INFOPLIST_FILE = "Game Catalogue/Info.plist";
				LD_RUNPATH_SEARCH_PATHS = (
					"$(inherited)",
					"@executable_path/Frameworks",
				);
				PRODUCT_BUNDLE_IDENTIFIER = com.gyosanila.GameCatalogue;
				PRODUCT_NAME = "$(TARGET_NAME)";
				SWIFT_VERSION = 5.0;
				TARGETED_DEVICE_FAMILY = "1,2";
			};
			name = Release;
		};
/* End XCBuildConfiguration section */

/* Begin XCConfigurationList section */
		EE7A110324CC683600D47B14 /* Build configuration list for PBXProject "Game Catalogue" */ = {
			isa = XCConfigurationList;
			buildConfigurations = (
				EE7A111A24CC683B00D47B14 /* Debug */,
				EE7A111B24CC683B00D47B14 /* Release */,
			);
			defaultConfigurationIsVisible = 0;
			defaultConfigurationName = Release;
		};
		EE7A111C24CC683B00D47B14 /* Build configuration list for PBXNativeTarget "Game Catalogue" */ = {
			isa = XCConfigurationList;
			buildConfigurations = (
				EE7A111D24CC683B00D47B14 /* Debug */,
				EE7A111E24CC683B00D47B14 /* Release */,
			);
			defaultConfigurationIsVisible = 0;
			defaultConfigurationName = Release;
		};
/* End XCConfigurationList section */
	};
	rootObject = EE7A110024CC683600D47B14 /* Project object */;
}
